
Microsoft Visual Studio Solution File, Format Version 12.00
# Visual Studio Version 17
VisualStudioVersion = 17.7.34031.279
MinimumVisualStudioVersion = 10.0.40219.1
Project("{FAE04EC0-301F-11D3-BF4B-00C04F79EFBC}") = "MathsAlgo", "MathsAlgo\MathsAlgo.csproj", "{6244C77D-4342-425F-90FF-022CA966318C}"
EndProject
Global
	GlobalSection(SolutionConfigurationPlatforms) = preSolution
		Debug|Any CPU = Debug|Any CPU
		Release|Any CPU = Release|Any CPU
	EndGlobalSection
	GlobalSection(ProjectConfigurationPlatforms) = postSolution
		{6244C77D-4342-425F-90FF-022CA966318C}.Debug|Any CPU.ActiveCfg = Debug|Any CPU
		{6244C77D-4342-425F-90FF-022CA966318C}.Debug|Any CPU.Build.0 = Debug|Any CPU
		{6244C77D-4342-425F-90FF-022CA966318C}.Release|Any CPU.ActiveCfg = Release|Any CPU
		{6244C77D-4342-425F-90FF-022CA966318C}.Release|Any CPU.Build.0 = Release|Any CPU
	EndGlobalSection
	GlobalSection(SolutionProperties) = preSolution
		HideSolutionNode = FALSE
	EndGlobalSection
	GlobalSection(ExtensibilityGlobals) = postSolution
		SolutionGuid = {F9594118-5F7E-40D1-84AC-D0404C4E557A}
	EndGlobalSection
EndGlobal
